
Microsoft Visual Studio Solution File, Format Version 12.00
# Visual Studio 15
VisualStudioVersion = 15.0.27004.2008
MinimumVisualStudioVersion = 10.0.40219.1
Project("{FAE04EC0-301F-11D3-BF4B-00C04F79EFBC}") = "IRServer", "IRServer\IRServer.csproj", "{B2309B2E-20E8-4C3F-BE94-DD9BC4E88E74}"
EndProject
Project("{FAE04EC0-301F-11D3-BF4B-00C04F79EFBC}") = "IrobusHelpLib", "IrobusHelpLib\IrobusHelpLib.csproj", "{81061E59-FA00-45EF-AFF5-13434CF411EE}"
EndProject
Global
	GlobalSection(SolutionConfigurationPlatforms) = preSolution
		Debug|Any CPU = Debug|Any CPU
		Release|Any CPU = Release|Any CPU
	EndGlobalSection
	GlobalSection(ProjectConfigurationPlatforms) = postSolution
		{B2309B2E-20E8-4C3F-BE94-DD9BC4E88E74}.Debug|Any CPU.ActiveCfg = Debug|Any CPU
		{B2309B2E-20E8-4C3F-BE94-DD9BC4E88E74}.Debug|Any CPU.Build.0 = Debug|Any CPU
		{B2309B2E-20E8-4C3F-BE94-DD9BC4E88E74}.Release|Any CPU.ActiveCfg = Release|Any CPU
		{B2309B2E-20E8-4C3F-BE94-DD9BC4E88E74}.Release|Any CPU.Build.0 = Release|Any CPU
		{81061E59-FA00-45EF-AFF5-13434CF411EE}.Debug|Any CPU.ActiveCfg = Debug|Any CPU
		{81061E59-FA00-45EF-AFF5-13434CF411EE}.Debug|Any CPU.Build.0 = Debug|Any CPU
		{81061E59-FA00-45EF-AFF5-13434CF411EE}.Release|Any CPU.ActiveCfg = Release|Any CPU
		{81061E59-FA00-45EF-AFF5-13434CF411EE}.Release|Any CPU.Build.0 = Release|Any CPU
	EndGlobalSection
	GlobalSection(SolutionProperties) = preSolution
		HideSolutionNode = FALSE
	EndGlobalSection
	GlobalSection(ExtensibilityGlobals) = postSolution
		SolutionGuid = {58C28D34-EC32-41CA-8554-6E25313A0A25}
	EndGlobalSection
EndGlobal
